// !$*UTF8*$!
{
	archiveVersion = 1;
	classes = {
	};
	objectVersion = 55;
	objects = {

/* Begin PBXBuildFile section */
		604D2397286EEFBE00669B67 /* TabBarRouter.swift in Sources */ = {isa = PBXBuildFile; fileRef = 604D2396286EEFBE00669B67 /* TabBarRouter.swift */; };
		604D2399286EEFC900669B67 /* TabBarPresenter.swift in Sources */ = {isa = PBXBuildFile; fileRef = 604D2398286EEFC900669B67 /* TabBarPresenter.swift */; };
		604D239B286EF01000669B67 /* TabBar.storyboard in Resources */ = {isa = PBXBuildFile; fileRef = 604D239A286EF01000669B67 /* TabBar.storyboard */; };
		604D239D286EF08700669B67 /* TabBarViewController.swift in Sources */ = {isa = PBXBuildFile; fileRef = 604D239C286EF08700669B67 /* TabBarViewController.swift */; };
		604D239F286EF22500669B67 /* TabBarProtocols.swift in Sources */ = {isa = PBXBuildFile; fileRef = 604D239E286EF22500669B67 /* TabBarProtocols.swift */; };
		6050704A286DA061003864FD /* GameItemCollectionViewCell.swift in Sources */ = {isa = PBXBuildFile; fileRef = 60507048286DA061003864FD /* GameItemCollectionViewCell.swift */; };
		6050704B286DA061003864FD /* GameItemCollectionViewCell.xib in Resources */ = {isa = PBXBuildFile; fileRef = 60507049286DA061003864FD /* GameItemCollectionViewCell.xib */; };
		6061AC52286CA422003E8DA1 /* GameListViewController.swift in Sources */ = {isa = PBXBuildFile; fileRef = 6061AC50286CA422003E8DA1 /* GameListViewController.swift */; };
		6061AC55286CA42F003E8DA1 /* GameListPresenter.swift in Sources */ = {isa = PBXBuildFile; fileRef = 6061AC54286CA42F003E8DA1 /* GameListPresenter.swift */; };
		6061AC57286CA43C003E8DA1 /* GameListInteractor.swift in Sources */ = {isa = PBXBuildFile; fileRef = 6061AC56286CA43C003E8DA1 /* GameListInteractor.swift */; };
		6061AC59286CA44A003E8DA1 /* GameListRouter.swift in Sources */ = {isa = PBXBuildFile; fileRef = 6061AC58286CA44A003E8DA1 /* GameListRouter.swift */; };
		6061AC5B286CA454003E8DA1 /* GameListProtocols.swift in Sources */ = {isa = PBXBuildFile; fileRef = 6061AC5A286CA454003E8DA1 /* GameListProtocols.swift */; };
		6061AC5E286CA468003E8DA1 /* Game.swift in Sources */ = {isa = PBXBuildFile; fileRef = 6061AC5D286CA468003E8DA1 /* Game.swift */; };
		6061AC60286CA4AE003E8DA1 /* GameStore.swift in Sources */ = {isa = PBXBuildFile; fileRef = 6061AC5F286CA4AE003E8DA1 /* GameStore.swift */; };
		6074960A2872DD7D002B7D4E /* AppStoryboard.swift in Sources */ = {isa = PBXBuildFile; fileRef = 607496092872DD7D002B7D4E /* AppStoryboard.swift */; };
		6074960C2872DE5D002B7D4E /* GameList.storyboard in Resources */ = {isa = PBXBuildFile; fileRef = 6074960B2872DE5D002B7D4E /* GameList.storyboard */; };
		6074960F2872E222002B7D4E /* GameDetailProtocols.swift in Sources */ = {isa = PBXBuildFile; fileRef = 6074960E2872E222002B7D4E /* GameDetailProtocols.swift */; };
		607496112872E22F002B7D4E /* GameDetailPresenter.swift in Sources */ = {isa = PBXBuildFile; fileRef = 607496102872E22F002B7D4E /* GameDetailPresenter.swift */; };
		607496132872E236002B7D4E /* GameDetailRouter.swift in Sources */ = {isa = PBXBuildFile; fileRef = 607496122872E236002B7D4E /* GameDetailRouter.swift */; };
		607496152872E240002B7D4E /* GameDetailInteractor.swift in Sources */ = {isa = PBXBuildFile; fileRef = 607496142872E240002B7D4E /* GameDetailInteractor.swift */; };
		607496172872E261002B7D4E /* GameDetailViewController.swift in Sources */ = {isa = PBXBuildFile; fileRef = 607496162872E261002B7D4E /* GameDetailViewController.swift */; };
		607496192872E26F002B7D4E /* GameDetail.storyboard in Resources */ = {isa = PBXBuildFile; fileRef = 607496182872E26F002B7D4E /* GameDetail.storyboard */; };
		6074961B28771845002B7D4E /* GameDetail.swift in Sources */ = {isa = PBXBuildFile; fileRef = 6074961A28771845002B7D4E /* GameDetail.swift */; };
		60949E81286C388D002D1B52 /* NetworkManager.swift in Sources */ = {isa = PBXBuildFile; fileRef = 60949E80286C388D002D1B52 /* NetworkManager.swift */; };
		6098C4902869A9700052B8F7 /* AppDelegate.swift in Sources */ = {isa = PBXBuildFile; fileRef = 6098C48F2869A9700052B8F7 /* AppDelegate.swift */; };
		6098C4922869A9700052B8F7 /* SceneDelegate.swift in Sources */ = {isa = PBXBuildFile; fileRef = 6098C4912869A9700052B8F7 /* SceneDelegate.swift */; };
		6098C4972869A9700052B8F7 /* Main.storyboard in Resources */ = {isa = PBXBuildFile; fileRef = 6098C4952869A9700052B8F7 /* Main.storyboard */; };
		6098C4992869A9710052B8F7 /* Assets.xcassets in Resources */ = {isa = PBXBuildFile; fileRef = 6098C4982869A9710052B8F7 /* Assets.xcassets */; };
		6098C49C2869A9710052B8F7 /* LaunchScreen.storyboard in Resources */ = {isa = PBXBuildFile; fileRef = 6098C49A2869A9710052B8F7 /* LaunchScreen.storyboard */; };
		6098C4A72869A9710052B8F7 /* GameWikiTrendyolTests.swift in Sources */ = {isa = PBXBuildFile; fileRef = 6098C4A62869A9710052B8F7 /* GameWikiTrendyolTests.swift */; };
		6098C4B12869A9710052B8F7 /* GameWikiTrendyolUITests.swift in Sources */ = {isa = PBXBuildFile; fileRef = 6098C4B02869A9710052B8F7 /* GameWikiTrendyolUITests.swift */; };
		6098C4B32869A9710052B8F7 /* GameWikiTrendyolUITestsLaunchTests.swift in Sources */ = {isa = PBXBuildFile; fileRef = 6098C4B22869A9710052B8F7 /* GameWikiTrendyolUITestsLaunchTests.swift */; };
		60CB599028844AA500E5D212 /* UIView+.swift in Sources */ = {isa = PBXBuildFile; fileRef = 60CB598F28844AA500E5D212 /* UIView+.swift */; };
		60CB599A2885414300E5D212 /* InformationCustomView.swift in Sources */ = {isa = PBXBuildFile; fileRef = 60CB59992885414300E5D212 /* InformationCustomView.swift */; };
		60CB599C2885415200E5D212 /* InformationCustomView.xib in Resources */ = {isa = PBXBuildFile; fileRef = 60CB599B2885415200E5D212 /* InformationCustomView.xib */; };
/* End PBXBuildFile section */

/* Begin PBXContainerItemProxy section */
		6098C4A32869A9710052B8F7 /* PBXContainerItemProxy */ = {
			isa = PBXContainerItemProxy;
			containerPortal = 6098C4842869A9700052B8F7 /* Project object */;
			proxyType = 1;
			remoteGlobalIDString = 6098C48B2869A9700052B8F7;
			remoteInfo = GameWikiTrendyol;
		};
		6098C4AD2869A9710052B8F7 /* PBXContainerItemProxy */ = {
			isa = PBXContainerItemProxy;
			containerPortal = 6098C4842869A9700052B8F7 /* Project object */;
			proxyType = 1;
			remoteGlobalIDString = 6098C48B2869A9700052B8F7;
			remoteInfo = GameWikiTrendyol;
		};
/* End PBXContainerItemProxy section */

/* Begin PBXFileReference section */
		604D2396286EEFBE00669B67 /* TabBarRouter.swift */ = {isa = PBXFileReference; lastKnownFileType = sourcecode.swift; path = TabBarRouter.swift; sourceTree = "<group>"; };
		604D2398286EEFC900669B67 /* TabBarPresenter.swift */ = {isa = PBXFileReference; lastKnownFileType = sourcecode.swift; path = TabBarPresenter.swift; sourceTree = "<group>"; };
		604D239A286EF01000669B67 /* TabBar.storyboard */ = {isa = PBXFileReference; lastKnownFileType = file.storyboard; path = TabBar.storyboard; sourceTree = "<group>"; };
		604D239C286EF08700669B67 /* TabBarViewController.swift */ = {isa = PBXFileReference; lastKnownFileType = sourcecode.swift; path = TabBarViewController.swift; sourceTree = "<group>"; };
		604D239E286EF22500669B67 /* TabBarProtocols.swift */ = {isa = PBXFileReference; lastKnownFileType = sourcecode.swift; path = TabBarProtocols.swift; sourceTree = "<group>"; };
		60507048286DA061003864FD /* GameItemCollectionViewCell.swift */ = {isa = PBXFileReference; lastKnownFileType = sourcecode.swift; path = GameItemCollectionViewCell.swift; sourceTree = "<group>"; };
		60507049286DA061003864FD /* GameItemCollectionViewCell.xib */ = {isa = PBXFileReference; lastKnownFileType = file.xib; path = GameItemCollectionViewCell.xib; sourceTree = "<group>"; };
		6061AC50286CA422003E8DA1 /* GameListViewController.swift */ = {isa = PBXFileReference; lastKnownFileType = sourcecode.swift; path = GameListViewController.swift; sourceTree = "<group>"; };
		6061AC54286CA42F003E8DA1 /* GameListPresenter.swift */ = {isa = PBXFileReference; lastKnownFileType = sourcecode.swift; path = GameListPresenter.swift; sourceTree = "<group>"; };
		6061AC56286CA43C003E8DA1 /* GameListInteractor.swift */ = {isa = PBXFileReference; lastKnownFileType = sourcecode.swift; path = GameListInteractor.swift; sourceTree = "<group>"; };
		6061AC58286CA44A003E8DA1 /* GameListRouter.swift */ = {isa = PBXFileReference; lastKnownFileType = sourcecode.swift; path = GameListRouter.swift; sourceTree = "<group>"; };
		6061AC5A286CA454003E8DA1 /* GameListProtocols.swift */ = {isa = PBXFileReference; lastKnownFileType = sourcecode.swift; path = GameListProtocols.swift; sourceTree = "<group>"; };
		6061AC5D286CA468003E8DA1 /* Game.swift */ = {isa = PBXFileReference; lastKnownFileType = sourcecode.swift; path = Game.swift; sourceTree = "<group>"; };
		6061AC5F286CA4AE003E8DA1 /* GameStore.swift */ = {isa = PBXFileReference; lastKnownFileType = sourcecode.swift; path = GameStore.swift; sourceTree = "<group>"; };
		607496092872DD7D002B7D4E /* AppStoryboard.swift */ = {isa = PBXFileReference; lastKnownFileType = sourcecode.swift; path = AppStoryboard.swift; sourceTree = "<group>"; };
		6074960B2872DE5D002B7D4E /* GameList.storyboard */ = {isa = PBXFileReference; lastKnownFileType = file.storyboard; path = GameList.storyboard; sourceTree = "<group>"; };
		6074960E2872E222002B7D4E /* GameDetailProtocols.swift */ = {isa = PBXFileReference; lastKnownFileType = sourcecode.swift; path = GameDetailProtocols.swift; sourceTree = "<group>"; };
		607496102872E22F002B7D4E /* GameDetailPresenter.swift */ = {isa = PBXFileReference; lastKnownFileType = sourcecode.swift; path = GameDetailPresenter.swift; sourceTree = "<group>"; };
		607496122872E236002B7D4E /* GameDetailRouter.swift */ = {isa = PBXFileReference; lastKnownFileType = sourcecode.swift; path = GameDetailRouter.swift; sourceTree = "<group>"; };
		607496142872E240002B7D4E /* GameDetailInteractor.swift */ = {isa = PBXFileReference; lastKnownFileType = sourcecode.swift; path = GameDetailInteractor.swift; sourceTree = "<group>"; };
		607496162872E261002B7D4E /* GameDetailViewController.swift */ = {isa = PBXFileReference; lastKnownFileType = sourcecode.swift; path = GameDetailViewController.swift; sourceTree = "<group>"; };
		607496182872E26F002B7D4E /* GameDetail.storyboard */ = {isa = PBXFileReference; lastKnownFileType = file.storyboard; path = GameDetail.storyboard; sourceTree = "<group>"; };
		6074961A28771845002B7D4E /* GameDetail.swift */ = {isa = PBXFileReference; lastKnownFileType = sourcecode.swift; path = GameDetail.swift; sourceTree = "<group>"; };
		60949E80286C388D002D1B52 /* NetworkManager.swift */ = {isa = PBXFileReference; lastKnownFileType = sourcecode.swift; path = NetworkManager.swift; sourceTree = "<group>"; };
		6098C48C2869A9700052B8F7 /* GameWikiTrendyol.app */ = {isa = PBXFileReference; explicitFileType = wrapper.application; includeInIndex = 0; path = GameWikiTrendyol.app; sourceTree = BUILT_PRODUCTS_DIR; };
		6098C48F2869A9700052B8F7 /* AppDelegate.swift */ = {isa = PBXFileReference; lastKnownFileType = sourcecode.swift; path = AppDelegate.swift; sourceTree = "<group>"; };
		6098C4912869A9700052B8F7 /* SceneDelegate.swift */ = {isa = PBXFileReference; lastKnownFileType = sourcecode.swift; path = SceneDelegate.swift; sourceTree = "<group>"; };
		6098C4962869A9700052B8F7 /* Base */ = {isa = PBXFileReference; lastKnownFileType = file.storyboard; name = Base; path = Base.lproj/Main.storyboard; sourceTree = "<group>"; };
		6098C4982869A9710052B8F7 /* Assets.xcassets */ = {isa = PBXFileReference; lastKnownFileType = folder.assetcatalog; path = Assets.xcassets; sourceTree = "<group>"; };
		6098C49B2869A9710052B8F7 /* Base */ = {isa = PBXFileReference; lastKnownFileType = file.storyboard; name = Base; path = Base.lproj/LaunchScreen.storyboard; sourceTree = "<group>"; };
		6098C49D2869A9710052B8F7 /* Info.plist */ = {isa = PBXFileReference; lastKnownFileType = text.plist.xml; path = Info.plist; sourceTree = "<group>"; };
		6098C4A22869A9710052B8F7 /* GameWikiTrendyolTests.xctest */ = {isa = PBXFileReference; explicitFileType = wrapper.cfbundle; includeInIndex = 0; path = GameWikiTrendyolTests.xctest; sourceTree = BUILT_PRODUCTS_DIR; };
		6098C4A62869A9710052B8F7 /* GameWikiTrendyolTests.swift */ = {isa = PBXFileReference; lastKnownFileType = sourcecode.swift; path = GameWikiTrendyolTests.swift; sourceTree = "<group>"; };
		6098C4AC2869A9710052B8F7 /* GameWikiTrendyolUITests.xctest */ = {isa = PBXFileReference; explicitFileType = wrapper.cfbundle; includeInIndex = 0; path = GameWikiTrendyolUITests.xctest; sourceTree = BUILT_PRODUCTS_DIR; };
		6098C4B02869A9710052B8F7 /* GameWikiTrendyolUITests.swift */ = {isa = PBXFileReference; lastKnownFileType = sourcecode.swift; path = GameWikiTrendyolUITests.swift; sourceTree = "<group>"; };
		6098C4B22869A9710052B8F7 /* GameWikiTrendyolUITestsLaunchTests.swift */ = {isa = PBXFileReference; lastKnownFileType = sourcecode.swift; path = GameWikiTrendyolUITestsLaunchTests.swift; sourceTree = "<group>"; };
		60CB598F28844AA500E5D212 /* UIView+.swift */ = {isa = PBXFileReference; lastKnownFileType = sourcecode.swift; path = "UIView+.swift"; sourceTree = "<group>"; };
		60CB59992885414300E5D212 /* InformationCustomView.swift */ = {isa = PBXFileReference; lastKnownFileType = sourcecode.swift; path = InformationCustomView.swift; sourceTree = "<group>"; };
		60CB599B2885415200E5D212 /* InformationCustomView.xib */ = {isa = PBXFileReference; lastKnownFileType = file.xib; path = InformationCustomView.xib; sourceTree = "<group>"; };
/* End PBXFileReference section */

/* Begin PBXFrameworksBuildPhase section */
		6098C4892869A9700052B8F7 /* Frameworks */ = {
			isa = PBXFrameworksBuildPhase;
			buildActionMask = 2147483647;
			files = (
			);
			runOnlyForDeploymentPostprocessing = 0;
		};
		6098C49F2869A9710052B8F7 /* Frameworks */ = {
			isa = PBXFrameworksBuildPhase;
			buildActionMask = 2147483647;
			files = (
			);
			runOnlyForDeploymentPostprocessing = 0;
		};
		6098C4A92869A9710052B8F7 /* Frameworks */ = {
			isa = PBXFrameworksBuildPhase;
			buildActionMask = 2147483647;
			files = (
			);
			runOnlyForDeploymentPostprocessing = 0;
		};
/* End PBXFrameworksBuildPhase section */

/* Begin PBXGroup section */
		6050704C286DC568003864FD /* TabBarModule */ = {
			isa = PBXGroup;
			children = (
				604D2396286EEFBE00669B67 /* TabBarRouter.swift */,
				604D2398286EEFC900669B67 /* TabBarPresenter.swift */,
				604D239A286EF01000669B67 /* TabBar.storyboard */,
				604D239C286EF08700669B67 /* TabBarViewController.swift */,
				604D239E286EF22500669B67 /* TabBarProtocols.swift */,
			);
			path = TabBarModule;
			sourceTree = "<group>";
		};
		6061AC4F286CA414003E8DA1 /* GameListModule */ = {
			isa = PBXGroup;
			children = (
				6061AC50286CA422003E8DA1 /* GameListViewController.swift */,
				6061AC54286CA42F003E8DA1 /* GameListPresenter.swift */,
				6061AC56286CA43C003E8DA1 /* GameListInteractor.swift */,
				6061AC58286CA44A003E8DA1 /* GameListRouter.swift */,
				6061AC5A286CA454003E8DA1 /* GameListProtocols.swift */,
				60507048286DA061003864FD /* GameItemCollectionViewCell.swift */,
				60507049286DA061003864FD /* GameItemCollectionViewCell.xib */,
				6074960B2872DE5D002B7D4E /* GameList.storyboard */,
			);
			path = GameListModule;
			sourceTree = "<group>";
		};
		6061AC5C286CA45B003E8DA1 /* Entities */ = {
			isa = PBXGroup;
			children = (
				6061AC5D286CA468003E8DA1 /* Game.swift */,
				6061AC5F286CA4AE003E8DA1 /* GameStore.swift */,
				6074961A28771845002B7D4E /* GameDetail.swift */,
			);
			path = Entities;
			sourceTree = "<group>";
		};
		6074960D2872E202002B7D4E /* GameDetailModule */ = {
			isa = PBXGroup;
			children = (
				6074960E2872E222002B7D4E /* GameDetailProtocols.swift */,
				607496102872E22F002B7D4E /* GameDetailPresenter.swift */,
				607496122872E236002B7D4E /* GameDetailRouter.swift */,
				607496142872E240002B7D4E /* GameDetailInteractor.swift */,
				607496162872E261002B7D4E /* GameDetailViewController.swift */,
				607496182872E26F002B7D4E /* GameDetail.storyboard */,
				60CB59992885414300E5D212 /* InformationCustomView.swift */,
				60CB599B2885415200E5D212 /* InformationCustomView.xib */,
			);
			path = GameDetailModule;
			sourceTree = "<group>";
		};
		6098C4832869A9700052B8F7 = {
			isa = PBXGroup;
			children = (
				6098C48E2869A9700052B8F7 /* GameWikiTrendyol */,
				6098C4A52869A9710052B8F7 /* GameWikiTrendyolTests */,
				6098C4AF2869A9710052B8F7 /* GameWikiTrendyolUITests */,
				6098C48D2869A9700052B8F7 /* Products */,
			);
			sourceTree = "<group>";
		};
		6098C48D2869A9700052B8F7 /* Products */ = {
			isa = PBXGroup;
			children = (
				6098C48C2869A9700052B8F7 /* GameWikiTrendyol.app */,
				6098C4A22869A9710052B8F7 /* GameWikiTrendyolTests.xctest */,
				6098C4AC2869A9710052B8F7 /* GameWikiTrendyolUITests.xctest */,
			);
			name = Products;
			sourceTree = "<group>";
		};
		6098C48E2869A9700052B8F7 /* GameWikiTrendyol */ = {
			isa = PBXGroup;
			children = (
				60CB598E28844A9A00E5D212 /* Extensions */,
				6061AC5C286CA45B003E8DA1 /* Entities */,
				6098C4C02869B1F90052B8F7 /* Service */,
				6098C4BF2869B1F00052B8F7 /* Modules */,
				6098C48F2869A9700052B8F7 /* AppDelegate.swift */,
				6098C4912869A9700052B8F7 /* SceneDelegate.swift */,
				6098C4952869A9700052B8F7 /* Main.storyboard */,
				6098C4982869A9710052B8F7 /* Assets.xcassets */,
				6098C49A2869A9710052B8F7 /* LaunchScreen.storyboard */,
				6098C49D2869A9710052B8F7 /* Info.plist */,
				607496092872DD7D002B7D4E /* AppStoryboard.swift */,
			);
			path = GameWikiTrendyol;
			sourceTree = "<group>";
		};
		6098C4A52869A9710052B8F7 /* GameWikiTrendyolTests */ = {
			isa = PBXGroup;
			children = (
				6098C4A62869A9710052B8F7 /* GameWikiTrendyolTests.swift */,
			);
			path = GameWikiTrendyolTests;
			sourceTree = "<group>";
		};
		6098C4AF2869A9710052B8F7 /* GameWikiTrendyolUITests */ = {
			isa = PBXGroup;
			children = (
				6098C4B02869A9710052B8F7 /* GameWikiTrendyolUITests.swift */,
				6098C4B22869A9710052B8F7 /* GameWikiTrendyolUITestsLaunchTests.swift */,
			);
			path = GameWikiTrendyolUITests;
			sourceTree = "<group>";
		};
		6098C4BF2869B1F00052B8F7 /* Modules */ = {
			isa = PBXGroup;
			children = (
				6074960D2872E202002B7D4E /* GameDetailModule */,
				6050704C286DC568003864FD /* TabBarModule */,
				6061AC4F286CA414003E8DA1 /* GameListModule */,
			);
			path = Modules;
			sourceTree = "<group>";
		};
		6098C4C02869B1F90052B8F7 /* Service */ = {
			isa = PBXGroup;
			children = (
				60949E80286C388D002D1B52 /* NetworkManager.swift */,
			);
			path = Service;
			sourceTree = "<group>";
		};
		60CB598E28844A9A00E5D212 /* Extensions */ = {
			isa = PBXGroup;
			children = (
				60CB598F28844AA500E5D212 /* UIView+.swift */,
			);
			path = Extensions;
			sourceTree = "<group>";
		};
/* End PBXGroup section */

/* Begin PBXNativeTarget section */
		6098C48B2869A9700052B8F7 /* GameWikiTrendyol */ = {
			isa = PBXNativeTarget;
			buildConfigurationList = 6098C4B62869A9710052B8F7 /* Build configuration list for PBXNativeTarget "GameWikiTrendyol" */;
			buildPhases = (
				6098C4882869A9700052B8F7 /* Sources */,
				6098C4892869A9700052B8F7 /* Frameworks */,
				6098C48A2869A9700052B8F7 /* Resources */,
			);
			buildRules = (
			);
			dependencies = (
			);
			name = GameWikiTrendyol;
			productName = GameWikiTrendyol;
			productReference = 6098C48C2869A9700052B8F7 /* GameWikiTrendyol.app */;
			productType = "com.apple.product-type.application";
		};
		6098C4A12869A9710052B8F7 /* GameWikiTrendyolTests */ = {
			isa = PBXNativeTarget;
			buildConfigurationList = 6098C4B92869A9710052B8F7 /* Build configuration list for PBXNativeTarget "GameWikiTrendyolTests" */;
			buildPhases = (
				6098C49E2869A9710052B8F7 /* Sources */,
				6098C49F2869A9710052B8F7 /* Frameworks */,
				6098C4A02869A9710052B8F7 /* Resources */,
			);
			buildRules = (
			);
			dependencies = (
				6098C4A42869A9710052B8F7 /* PBXTargetDependency */,
			);
			name = GameWikiTrendyolTests;
			productName = GameWikiTrendyolTests;
			productReference = 6098C4A22869A9710052B8F7 /* GameWikiTrendyolTests.xctest */;
			productType = "com.apple.product-type.bundle.unit-test";
		};
		6098C4AB2869A9710052B8F7 /* GameWikiTrendyolUITests */ = {
			isa = PBXNativeTarget;
			buildConfigurationList = 6098C4BC2869A9710052B8F7 /* Build configuration list for PBXNativeTarget "GameWikiTrendyolUITests" */;
			buildPhases = (
				6098C4A82869A9710052B8F7 /* Sources */,
				6098C4A92869A9710052B8F7 /* Frameworks */,
				6098C4AA2869A9710052B8F7 /* Resources */,
			);
			buildRules = (
			);
			dependencies = (
				6098C4AE2869A9710052B8F7 /* PBXTargetDependency */,
			);
			name = GameWikiTrendyolUITests;
			productName = GameWikiTrendyolUITests;
			productReference = 6098C4AC2869A9710052B8F7 /* GameWikiTrendyolUITests.xctest */;
			productType = "com.apple.product-type.bundle.ui-testing";
		};
/* End PBXNativeTarget section */

/* Begin PBXProject section */
		6098C4842869A9700052B8F7 /* Project object */ = {
			isa = PBXProject;
			attributes = {
				BuildIndependentTargetsInParallel = 1;
				LastSwiftUpdateCheck = 1340;
				LastUpgradeCheck = 1340;
				TargetAttributes = {
					6098C48B2869A9700052B8F7 = {
						CreatedOnToolsVersion = 13.4.1;
					};
					6098C4A12869A9710052B8F7 = {
						CreatedOnToolsVersion = 13.4.1;
						TestTargetID = 6098C48B2869A9700052B8F7;
					};
					6098C4AB2869A9710052B8F7 = {
						CreatedOnToolsVersion = 13.4.1;
						TestTargetID = 6098C48B2869A9700052B8F7;
					};
				};
			};
			buildConfigurationList = 6098C4872869A9700052B8F7 /* Build configuration list for PBXProject "GameWikiTrendyol" */;
			compatibilityVersion = "Xcode 13.0";
			developmentRegion = en;
			hasScannedForEncodings = 0;
			knownRegions = (
				en,
				Base,
			);
			mainGroup = 6098C4832869A9700052B8F7;
			productRefGroup = 6098C48D2869A9700052B8F7 /* Products */;
			projectDirPath = "";
			projectRoot = "";
			targets = (
				6098C48B2869A9700052B8F7 /* GameWikiTrendyol */,
				6098C4A12869A9710052B8F7 /* GameWikiTrendyolTests */,
				6098C4AB2869A9710052B8F7 /* GameWikiTrendyolUITests */,
			);
		};
/* End PBXProject section */

/* Begin PBXResourcesBuildPhase section */
		6098C48A2869A9700052B8F7 /* Resources */ = {
			isa = PBXResourcesBuildPhase;
			buildActionMask = 2147483647;
			files = (
				604D239B286EF01000669B67 /* TabBar.storyboard in Resources */,
				6074960C2872DE5D002B7D4E /* GameList.storyboard in Resources */,
				607496192872E26F002B7D4E /* GameDetail.storyboard in Resources */,
				6098C49C2869A9710052B8F7 /* LaunchScreen.storyboard in Resources */,
				6098C4992869A9710052B8F7 /* Assets.xcassets in Resources */,
				6098C4972869A9700052B8F7 /* Main.storyboard in Resources */,
				60CB599C2885415200E5D212 /* InformationCustomView.xib in Resources */,
				6050704B286DA061003864FD /* GameItemCollectionViewCell.xib in Resources */,
			);
			runOnlyForDeploymentPostprocessing = 0;
		};
		6098C4A02869A9710052B8F7 /* Resources */ = {
			isa = PBXResourcesBuildPhase;
			buildActionMask = 2147483647;
			files = (
			);
			runOnlyForDeploymentPostprocessing = 0;
		};
		6098C4AA2869A9710052B8F7 /* Resources */ = {
			isa = PBXResourcesBuildPhase;
			buildActionMask = 2147483647;
			files = (
			);
			runOnlyForDeploymentPostprocessing = 0;
		};
/* End PBXResourcesBuildPhase section */

/* Begin PBXSourcesBuildPhase section */
		6098C4882869A9700052B8F7 /* Sources */ = {
			isa = PBXSourcesBuildPhase;
			buildActionMask = 2147483647;
			files = (
				60949E81286C388D002D1B52 /* NetworkManager.swift in Sources */,
				604D2399286EEFC900669B67 /* TabBarPresenter.swift in Sources */,
				6061AC60286CA4AE003E8DA1 /* GameStore.swift in Sources */,
				607496112872E22F002B7D4E /* GameDetailPresenter.swift in Sources */,
				6061AC5E286CA468003E8DA1 /* Game.swift in Sources */,
				604D239D286EF08700669B67 /* TabBarViewController.swift in Sources */,
				6061AC55286CA42F003E8DA1 /* GameListPresenter.swift in Sources */,
				607496172872E261002B7D4E /* GameDetailViewController.swift in Sources */,
				6061AC57286CA43C003E8DA1 /* GameListInteractor.swift in Sources */,
				6050704A286DA061003864FD /* GameItemCollectionViewCell.swift in Sources */,
				607496152872E240002B7D4E /* GameDetailInteractor.swift in Sources */,
				6074960A2872DD7D002B7D4E /* AppStoryboard.swift in Sources */,
				604D2397286EEFBE00669B67 /* TabBarRouter.swift in Sources */,
				607496132872E236002B7D4E /* GameDetailRouter.swift in Sources */,
				6061AC52286CA422003E8DA1 /* GameListViewController.swift in Sources */,
				604D239F286EF22500669B67 /* TabBarProtocols.swift in Sources */,
				6098C4902869A9700052B8F7 /* AppDelegate.swift in Sources */,
				6061AC59286CA44A003E8DA1 /* GameListRouter.swift in Sources */,
				60CB599A2885414300E5D212 /* InformationCustomView.swift in Sources */,
				6098C4922869A9700052B8F7 /* SceneDelegate.swift in Sources */,
				6061AC5B286CA454003E8DA1 /* GameListProtocols.swift in Sources */,
				6074961B28771845002B7D4E /* GameDetail.swift in Sources */,
				6074960F2872E222002B7D4E /* GameDetailProtocols.swift in Sources */,
				60CB599028844AA500E5D212 /* UIView+.swift in Sources */,
			);
			runOnlyForDeploymentPostprocessing = 0;
		};
		6098C49E2869A9710052B8F7 /* Sources */ = {
			isa = PBXSourcesBuildPhase;
			buildActionMask = 2147483647;
			files = (
				6098C4A72869A9710052B8F7 /* GameWikiTrendyolTests.swift in Sources */,
			);
			runOnlyForDeploymentPostprocessing = 0;
		};
		6098C4A82869A9710052B8F7 /* Sources */ = {
			isa = PBXSourcesBuildPhase;
			buildActionMask = 2147483647;
			files = (
				6098C4B12869A9710052B8F7 /* GameWikiTrendyolUITests.swift in Sources */,
				6098C4B32869A9710052B8F7 /* GameWikiTrendyolUITestsLaunchTests.swift in Sources */,
			);
			runOnlyForDeploymentPostprocessing = 0;
		};
/* End PBXSourcesBuildPhase section */

/* Begin PBXTargetDependency section */
		6098C4A42869A9710052B8F7 /* PBXTargetDependency */ = {
			isa = PBXTargetDependency;
			target = 6098C48B2869A9700052B8F7 /* GameWikiTrendyol */;
			targetProxy = 6098C4A32869A9710052B8F7 /* PBXContainerItemProxy */;
		};
		6098C4AE2869A9710052B8F7 /* PBXTargetDependency */ = {
			isa = PBXTargetDependency;
			target = 6098C48B2869A9700052B8F7 /* GameWikiTrendyol */;
			targetProxy = 6098C4AD2869A9710052B8F7 /* PBXContainerItemProxy */;
		};
/* End PBXTargetDependency section */

/* Begin PBXVariantGroup section */
		6098C4952869A9700052B8F7 /* Main.storyboard */ = {
			isa = PBXVariantGroup;
			children = (
				6098C4962869A9700052B8F7 /* Base */,
			);
			name = Main.storyboard;
			sourceTree = "<group>";
		};
		6098C49A2869A9710052B8F7 /* LaunchScreen.storyboard */ = {
			isa = PBXVariantGroup;
			children = (
				6098C49B2869A9710052B8F7 /* Base */,
			);
			name = LaunchScreen.storyboard;
			sourceTree = "<group>";
		};
/* End PBXVariantGroup section */

/* Begin XCBuildConfiguration section */
		6098C4B42869A9710052B8F7 /* Debug */ = {
			isa = XCBuildConfiguration;
			buildSettings = {
				ALWAYS_SEARCH_USER_PATHS = NO;
				CLANG_ANALYZER_NONNULL = YES;
				CLANG_ANALYZER_NUMBER_OBJECT_CONVERSION = YES_AGGRESSIVE;
				CLANG_CXX_LANGUAGE_STANDARD = "gnu++17";
				CLANG_ENABLE_MODULES = YES;
				CLANG_ENABLE_OBJC_ARC = YES;
				CLANG_ENABLE_OBJC_WEAK = YES;
				CLANG_WARN_BLOCK_CAPTURE_AUTORELEASING = YES;
				CLANG_WARN_BOOL_CONVERSION = YES;
				CLANG_WARN_COMMA = YES;
				CLANG_WARN_CONSTANT_CONVERSION = YES;
				CLANG_WARN_DEPRECATED_OBJC_IMPLEMENTATIONS = YES;
				CLANG_WARN_DIRECT_OBJC_ISA_USAGE = YES_ERROR;
				CLANG_WARN_DOCUMENTATION_COMMENTS = YES;
				CLANG_WARN_EMPTY_BODY = YES;
				CLANG_WARN_ENUM_CONVERSION = YES;
				CLANG_WARN_INFINITE_RECURSION = YES;
				CLANG_WARN_INT_CONVERSION = YES;
				CLANG_WARN_NON_LITERAL_NULL_CONVERSION = YES;
				CLANG_WARN_OBJC_IMPLICIT_RETAIN_SELF = YES;
				CLANG_WARN_OBJC_LITERAL_CONVERSION = YES;
				CLANG_WARN_OBJC_ROOT_CLASS = YES_ERROR;
				CLANG_WARN_QUOTED_INCLUDE_IN_FRAMEWORK_HEADER = YES;
				CLANG_WARN_RANGE_LOOP_ANALYSIS = YES;
				CLANG_WARN_STRICT_PROTOTYPES = YES;
				CLANG_WARN_SUSPICIOUS_MOVE = YES;
				CLANG_WARN_UNGUARDED_AVAILABILITY = YES_AGGRESSIVE;
				CLANG_WARN_UNREACHABLE_CODE = YES;
				CLANG_WARN__DUPLICATE_METHOD_MATCH = YES;
				COPY_PHASE_STRIP = NO;
				DEBUG_INFORMATION_FORMAT = dwarf;
				ENABLE_STRICT_OBJC_MSGSEND = YES;
				ENABLE_TESTABILITY = YES;
				GCC_C_LANGUAGE_STANDARD = gnu11;
				GCC_DYNAMIC_NO_PIC = NO;
				GCC_NO_COMMON_BLOCKS = YES;
				GCC_OPTIMIZATION_LEVEL = 0;
				GCC_PREPROCESSOR_DEFINITIONS = (
					"DEBUG=1",
					"$(inherited)",
				);
				GCC_WARN_64_TO_32_BIT_CONVERSION = YES;
				GCC_WARN_ABOUT_RETURN_TYPE = YES_ERROR;
				GCC_WARN_UNDECLARED_SELECTOR = YES;
				GCC_WARN_UNINITIALIZED_AUTOS = YES_AGGRESSIVE;
				GCC_WARN_UNUSED_FUNCTION = YES;
				GCC_WARN_UNUSED_VARIABLE = YES;
				IPHONEOS_DEPLOYMENT_TARGET = 15.5;
				MTL_ENABLE_DEBUG_INFO = INCLUDE_SOURCE;
				MTL_FAST_MATH = YES;
				ONLY_ACTIVE_ARCH = YES;
				SDKROOT = iphoneos;
				SWIFT_ACTIVE_COMPILATION_CONDITIONS = DEBUG;
				SWIFT_OPTIMIZATION_LEVEL = "-Onone";
			};
			name = Debug;
		};
		6098C4B52869A9710052B8F7 /* Release */ = {
			isa = XCBuildConfiguration;
			buildSettings = {
				ALWAYS_SEARCH_USER_PATHS = NO;
				CLANG_ANALYZER_NONNULL = YES;
				CLANG_ANALYZER_NUMBER_OBJECT_CONVERSION = YES_AGGRESSIVE;
				CLANG_CXX_LANGUAGE_STANDARD = "gnu++17";
				CLANG_ENABLE_MODULES = YES;
				CLANG_ENABLE_OBJC_ARC = YES;
				CLANG_ENABLE_OBJC_WEAK = YES;
				CLANG_WARN_BLOCK_CAPTURE_AUTORELEASING = YES;
				CLANG_WARN_BOOL_CONVERSION = YES;
				CLANG_WARN_COMMA = YES;
				CLANG_WARN_CONSTANT_CONVERSION = YES;
				CLANG_WARN_DEPRECATED_OBJC_IMPLEMENTATIONS = YES;
				CLANG_WARN_DIRECT_OBJC_ISA_USAGE = YES_ERROR;
				CLANG_WARN_DOCUMENTATION_COMMENTS = YES;
				CLANG_WARN_EMPTY_BODY = YES;
				CLANG_WARN_ENUM_CONVERSION = YES;
				CLANG_WARN_INFINITE_RECURSION = YES;
				CLANG_WARN_INT_CONVERSION = YES;
				CLANG_WARN_NON_LITERAL_NULL_CONVERSION = YES;
				CLANG_WARN_OBJC_IMPLICIT_RETAIN_SELF = YES;
				CLANG_WARN_OBJC_LITERAL_CONVERSION = YES;
				CLANG_WARN_OBJC_ROOT_CLASS = YES_ERROR;
				CLANG_WARN_QUOTED_INCLUDE_IN_FRAMEWORK_HEADER = YES;
				CLANG_WARN_RANGE_LOOP_ANALYSIS = YES;
				CLANG_WARN_STRICT_PROTOTYPES = YES;
				CLANG_WARN_SUSPICIOUS_MOVE = YES;
				CLANG_WARN_UNGUARDED_AVAILABILITY = YES_AGGRESSIVE;
				CLANG_WARN_UNREACHABLE_CODE = YES;
				CLANG_WARN__DUPLICATE_METHOD_MATCH = YES;
				COPY_PHASE_STRIP = NO;
				DEBUG_INFORMATION_FORMAT = "dwarf-with-dsym";
				ENABLE_NS_ASSERTIONS = NO;
				ENABLE_STRICT_OBJC_MSGSEND = YES;
				GCC_C_LANGUAGE_STANDARD = gnu11;
				GCC_NO_COMMON_BLOCKS = YES;
				GCC_WARN_64_TO_32_BIT_CONVERSION = YES;
				GCC_WARN_ABOUT_RETURN_TYPE = YES_ERROR;
				GCC_WARN_UNDECLARED_SELECTOR = YES;
				GCC_WARN_UNINITIALIZED_AUTOS = YES_AGGRESSIVE;
				GCC_WARN_UNUSED_FUNCTION = YES;
				GCC_WARN_UNUSED_VARIABLE = YES;
				IPHONEOS_DEPLOYMENT_TARGET = 15.5;
				MTL_ENABLE_DEBUG_INFO = NO;
				MTL_FAST_MATH = YES;
				SDKROOT = iphoneos;
				SWIFT_COMPILATION_MODE = wholemodule;
				SWIFT_OPTIMIZATION_LEVEL = "-O";
				VALIDATE_PRODUCT = YES;
			};
			name = Release;
		};
		6098C4B72869A9710052B8F7 /* Debug */ = {
			isa = XCBuildConfiguration;
			buildSettings = {
				ASSETCATALOG_COMPILER_APPICON_NAME = AppIcon;
				ASSETCATALOG_COMPILER_GLOBAL_ACCENT_COLOR_NAME = AccentColor;
				CODE_SIGN_STYLE = Automatic;
				CURRENT_PROJECT_VERSION = 1;
				DEVELOPMENT_TEAM = U2GZC47BPR;
				GENERATE_INFOPLIST_FILE = YES;
				INFOPLIST_FILE = GameWikiTrendyol/Info.plist;
				INFOPLIST_KEY_UIApplicationSupportsIndirectInputEvents = YES;
				INFOPLIST_KEY_UILaunchStoryboardName = LaunchScreen;
				INFOPLIST_KEY_UIMainStoryboardFile = Main;
				INFOPLIST_KEY_UISupportedInterfaceOrientations = UIInterfaceOrientationPortrait;
				INFOPLIST_KEY_UISupportedInterfaceOrientations_iPad = "UIInterfaceOrientationPortrait UIInterfaceOrientationPortraitUpsideDown UIInterfaceOrientationLandscapeLeft UIInterfaceOrientationLandscapeRight";
				INFOPLIST_KEY_UISupportedInterfaceOrientations_iPhone = "UIInterfaceOrientationPortrait UIInterfaceOrientationLandscapeLeft UIInterfaceOrientationLandscapeRight";
				LD_RUNPATH_SEARCH_PATHS = (
					"$(inherited)",
					"@executable_path/Frameworks",
				);
				MARKETING_VERSION = 1.0;
				PRODUCT_BUNDLE_IDENTIFIER = com.erkanshelby.GameWikiTrendyol;
				PRODUCT_NAME = "$(TARGET_NAME)";
				SWIFT_EMIT_LOC_STRINGS = YES;
				SWIFT_VERSION = 5.0;
				TARGETED_DEVICE_FAMILY = "1,2";
			};
			name = Debug;
		};
		6098C4B82869A9710052B8F7 /* Release */ = {
			isa = XCBuildConfiguration;
			buildSettings = {
				ASSETCATALOG_COMPILER_APPICON_NAME = AppIcon;
				ASSETCATALOG_COMPILER_GLOBAL_ACCENT_COLOR_NAME = AccentColor;
				CODE_SIGN_STYLE = Automatic;
				CURRENT_PROJECT_VERSION = 1;
				DEVELOPMENT_TEAM = U2GZC47BPR;
				GENERATE_INFOPLIST_FILE = YES;
				INFOPLIST_FILE = GameWikiTrendyol/Info.plist;
				INFOPLIST_KEY_UIApplicationSupportsIndirectInputEvents = YES;
				INFOPLIST_KEY_UILaunchStoryboardName = LaunchScreen;
				INFOPLIST_KEY_UIMainStoryboardFile = Main;
				INFOPLIST_KEY_UISupportedInterfaceOrientations = UIInterfaceOrientationPortrait;
				INFOPLIST_KEY_UISupportedInterfaceOrientations_iPad = "UIInterfaceOrientationPortrait UIInterfaceOrientationPortraitUpsideDown UIInterfaceOrientationLandscapeLeft UIInterfaceOrientationLandscapeRight";
				INFOPLIST_KEY_UISupportedInterfaceOrientations_iPhone = "UIInterfaceOrientationPortrait UIInterfaceOrientationLandscapeLeft UIInterfaceOrientationLandscapeRight";
				LD_RUNPATH_SEARCH_PATHS = (
					"$(inherited)",
					"@executable_path/Frameworks",
				);
				MARKETING_VERSION = 1.0;
				PRODUCT_BUNDLE_IDENTIFIER = com.erkanshelby.GameWikiTrendyol;
				PRODUCT_NAME = "$(TARGET_NAME)";
				SWIFT_EMIT_LOC_STRINGS = YES;
				SWIFT_VERSION = 5.0;
				TARGETED_DEVICE_FAMILY = "1,2";
			};
			name = Release;
		};
		6098C4BA2869A9710052B8F7 /* Debug */ = {
			isa = XCBuildConfiguration;
			buildSettings = {
				ALWAYS_EMBED_SWIFT_STANDARD_LIBRARIES = YES;
				BUNDLE_LOADER = "$(TEST_HOST)";
				CODE_SIGN_STYLE = Automatic;
				CURRENT_PROJECT_VERSION = 1;
				DEVELOPMENT_TEAM = U2GZC47BPR;
				GENERATE_INFOPLIST_FILE = YES;
				IPHONEOS_DEPLOYMENT_TARGET = 15.5;
				MARKETING_VERSION = 1.0;
				PRODUCT_BUNDLE_IDENTIFIER = com.erkanshelby.GameWikiTrendyolTests;
				PRODUCT_NAME = "$(TARGET_NAME)";
				SWIFT_EMIT_LOC_STRINGS = NO;
				SWIFT_VERSION = 5.0;
				TARGETED_DEVICE_FAMILY = "1,2";
				TEST_HOST = "$(BUILT_PRODUCTS_DIR)/GameWikiTrendyol.app/GameWikiTrendyol";
			};
			name = Debug;
		};
		6098C4BB2869A9710052B8F7 /* Release */ = {
			isa = XCBuildConfiguration;
			buildSettings = {
				ALWAYS_EMBED_SWIFT_STANDARD_LIBRARIES = YES;
				BUNDLE_LOADER = "$(TEST_HOST)";
				CODE_SIGN_STYLE = Automatic;
				CURRENT_PROJECT_VERSION = 1;
				DEVELOPMENT_TEAM = U2GZC47BPR;
				GENERATE_INFOPLIST_FILE = YES;
				IPHONEOS_DEPLOYMENT_TARGET = 15.5;
				MARKETING_VERSION = 1.0;
				PRODUCT_BUNDLE_IDENTIFIER = com.erkanshelby.GameWikiTrendyolTests;
				PRODUCT_NAME = "$(TARGET_NAME)";
				SWIFT_EMIT_LOC_STRINGS = NO;
				SWIFT_VERSION = 5.0;
				TARGETED_DEVICE_FAMILY = "1,2";
				TEST_HOST = "$(BUILT_PRODUCTS_DIR)/GameWikiTrendyol.app/GameWikiTrendyol";
			};
			name = Release;
		};
		6098C4BD2869A9710052B8F7 /* Debug */ = {
			isa = XCBuildConfiguration;
			buildSettings = {
				ALWAYS_EMBED_SWIFT_STANDARD_LIBRARIES = YES;
				CODE_SIGN_STYLE = Automatic;
				CURRENT_PROJECT_VERSION = 1;
				DEVELOPMENT_TEAM = U2GZC47BPR;
				GENERATE_INFOPLIST_FILE = YES;
				MARKETING_VERSION = 1.0;
				PRODUCT_BUNDLE_IDENTIFIER = com.erkanshelby.GameWikiTrendyolUITests;
				PRODUCT_NAME = "$(TARGET_NAME)";
				SWIFT_EMIT_LOC_STRINGS = NO;
				SWIFT_VERSION = 5.0;
				TARGETED_DEVICE_FAMILY = "1,2";
				TEST_TARGET_NAME = GameWikiTrendyol;
			};
			name = Debug;
		};
		6098C4BE2869A9710052B8F7 /* Release */ = {
			isa = XCBuildConfiguration;
			buildSettings = {
				ALWAYS_EMBED_SWIFT_STANDARD_LIBRARIES = YES;
				CODE_SIGN_STYLE = Automatic;
				CURRENT_PROJECT_VERSION = 1;
				DEVELOPMENT_TEAM = U2GZC47BPR;
				GENERATE_INFOPLIST_FILE = YES;
				MARKETING_VERSION = 1.0;
				PRODUCT_BUNDLE_IDENTIFIER = com.erkanshelby.GameWikiTrendyolUITests;
				PRODUCT_NAME = "$(TARGET_NAME)";
				SWIFT_EMIT_LOC_STRINGS = NO;
				SWIFT_VERSION = 5.0;
				TARGETED_DEVICE_FAMILY = "1,2";
				TEST_TARGET_NAME = GameWikiTrendyol;
			};
			name = Release;
		};
/* End XCBuildConfiguration section */

/* Begin XCConfigurationList section */
		6098C4872869A9700052B8F7 /* Build configuration list for PBXProject "GameWikiTrendyol" */ = {
			isa = XCConfigurationList;
			buildConfigurations = (
				6098C4B42869A9710052B8F7 /* Debug */,
				6098C4B52869A9710052B8F7 /* Release */,
			);
			defaultConfigurationIsVisible = 0;
			defaultConfigurationName = Release;
		};
		6098C4B62869A9710052B8F7 /* Build configuration list for PBXNativeTarget "GameWikiTrendyol" */ = {
			isa = XCConfigurationList;
			buildConfigurations = (
				6098C4B72869A9710052B8F7 /* Debug */,
				6098C4B82869A9710052B8F7 /* Release */,
			);
			defaultConfigurationIsVisible = 0;
			defaultConfigurationName = Release;
		};
		6098C4B92869A9710052B8F7 /* Build configuration list for PBXNativeTarget "GameWikiTrendyolTests" */ = {
			isa = XCConfigurationList;
			buildConfigurations = (
				6098C4BA2869A9710052B8F7 /* Debug */,
				6098C4BB2869A9710052B8F7 /* Release */,
			);
			defaultConfigurationIsVisible = 0;
			defaultConfigurationName = Release;
		};
		6098C4BC2869A9710052B8F7 /* Build configuration list for PBXNativeTarget "GameWikiTrendyolUITests" */ = {
			isa = XCConfigurationList;
			buildConfigurations = (
				6098C4BD2869A9710052B8F7 /* Debug */,
				6098C4BE2869A9710052B8F7 /* Release */,
			);
			defaultConfigurationIsVisible = 0;
			defaultConfigurationName = Release;
		};
/* End XCConfigurationList section */
	};
	rootObject = 6098C4842869A9700052B8F7 /* Project object */;
}
